// !$*UTF8*$!
{
	archiveVersion = 1;
	classes = {
	};
	objectVersion = 46;
	objects = {

/* Begin PBXBuildFile section */
		CC4B55B71C67BCAC005ACCB8 /* main.swift in Sources */ = {isa = PBXBuildFile; fileRef = CC4B55B61C67BCAC005ACCB8 /* main.swift */; };
		CC6632CB1C73D119001C8C14 /* Simple_Poker_Hands_2_Tests.swift in Sources */ = {isa = PBXBuildFile; fileRef = CC6632CA1C73D119001C8C14 /* Simple_Poker_Hands_2_Tests.swift */; };
		CC6632D11C73D414001C8C14 /* HighCardFinder.swift in Sources */ = {isa = PBXBuildFile; fileRef = CC6632D01C73D414001C8C14 /* HighCardFinder.swift */; };
		CC6632D21C73D414001C8C14 /* HighCardFinder.swift in Sources */ = {isa = PBXBuildFile; fileRef = CC6632D01C73D414001C8C14 /* HighCardFinder.swift */; };
		CC6632D41C73D917001C8C14 /* PairFinder.swift in Sources */ = {isa = PBXBuildFile; fileRef = CC6632D31C73D917001C8C14 /* PairFinder.swift */; };
		CC6632D51C73D917001C8C14 /* PairFinder.swift in Sources */ = {isa = PBXBuildFile; fileRef = CC6632D31C73D917001C8C14 /* PairFinder.swift */; };
		CC6632D71C73D962001C8C14 /* CardFinder.swift in Sources */ = {isa = PBXBuildFile; fileRef = CC6632D61C73D962001C8C14 /* CardFinder.swift */; };
		CC6632D81C73D962001C8C14 /* CardFinder.swift in Sources */ = {isa = PBXBuildFile; fileRef = CC6632D61C73D962001C8C14 /* CardFinder.swift */; };
/* End PBXBuildFile section */

/* Begin PBXCopyFilesBuildPhase section */
		CC4B55B11C67BCAC005ACCB8 /* CopyFiles */ = {
			isa = PBXCopyFilesBuildPhase;
			buildActionMask = 2147483647;
			dstPath = /usr/share/man/man1/;
			dstSubfolderSpec = 0;
			files = (
			);
			runOnlyForDeploymentPostprocessing = 1;
		};
/* End PBXCopyFilesBuildPhase section */

/* Begin PBXFileReference section */
		CC4B55B31C67BCAC005ACCB8 /* Simle-Poker-Hands-2 */ = {isa = PBXFileReference; explicitFileType = "compiled.mach-o.executable"; includeInIndex = 0; path = "Simle-Poker-Hands-2"; sourceTree = BUILT_PRODUCTS_DIR; };
		CC4B55B61C67BCAC005ACCB8 /* main.swift */ = {isa = PBXFileReference; lastKnownFileType = sourcecode.swift; path = main.swift; sourceTree = "<group>"; };
		CC6632C81C73D119001C8C14 /* Simple-Poker-Hands-2-Tests.xctest */ = {isa = PBXFileReference; explicitFileType = wrapper.cfbundle; includeInIndex = 0; path = "Simple-Poker-Hands-2-Tests.xctest"; sourceTree = BUILT_PRODUCTS_DIR; };
		CC6632CA1C73D119001C8C14 /* Simple_Poker_Hands_2_Tests.swift */ = {isa = PBXFileReference; lastKnownFileType = sourcecode.swift; path = Simple_Poker_Hands_2_Tests.swift; sourceTree = "<group>"; };
		CC6632CC1C73D119001C8C14 /* Info.plist */ = {isa = PBXFileReference; lastKnownFileType = text.plist.xml; path = Info.plist; sourceTree = "<group>"; };
		CC6632D01C73D414001C8C14 /* HighCardFinder.swift */ = {isa = PBXFileReference; fileEncoding = 4; lastKnownFileType = sourcecode.swift; path = HighCardFinder.swift; sourceTree = "<group>"; };
		CC6632D31C73D917001C8C14 /* PairFinder.swift */ = {isa = PBXFileReference; fileEncoding = 4; lastKnownFileType = sourcecode.swift; path = PairFinder.swift; sourceTree = "<group>"; };
		CC6632D61C73D962001C8C14 /* CardFinder.swift */ = {isa = PBXFileReference; fileEncoding = 4; lastKnownFileType = sourcecode.swift; path = CardFinder.swift; sourceTree = "<group>"; };
/* End PBXFileReference section */

/* Begin PBXFrameworksBuildPhase section */
		CC4B55B01C67BCAC005ACCB8 /* Frameworks */ = {
			isa = PBXFrameworksBuildPhase;
			buildActionMask = 2147483647;
			files = (
			);
			runOnlyForDeploymentPostprocessing = 0;
		};
		CC6632C51C73D119001C8C14 /* Frameworks */ = {
			isa = PBXFrameworksBuildPhase;
			buildActionMask = 2147483647;
			files = (
			);
			runOnlyForDeploymentPostprocessing = 0;
		};
/* End PBXFrameworksBuildPhase section */

/* Begin PBXGroup section */
		CC4B55AA1C67BCAC005ACCB8 = {
			isa = PBXGroup;
			children = (
				CC4B55B51C67BCAC005ACCB8 /* Simle-Poker-Hands-2 */,
				CC6632C91C73D119001C8C14 /* Simple-Poker-Hands-2-Tests */,
				CC4B55B41C67BCAC005ACCB8 /* Products */,
			);
			sourceTree = "<group>";
		};
		CC4B55B41C67BCAC005ACCB8 /* Products */ = {
			isa = PBXGroup;
			children = (
				CC4B55B31C67BCAC005ACCB8 /* Simle-Poker-Hands-2 */,
				CC6632C81C73D119001C8C14 /* Simple-Poker-Hands-2-Tests.xctest */,
			);
			name = Products;
			sourceTree = "<group>";
		};
		CC4B55B51C67BCAC005ACCB8 /* Simle-Poker-Hands-2 */ = {
			isa = PBXGroup;
			children = (
				CC4B55B61C67BCAC005ACCB8 /* main.swift */,
				CC6632D01C73D414001C8C14 /* HighCardFinder.swift */,
				CC6632D31C73D917001C8C14 /* PairFinder.swift */,
				CC6632D61C73D962001C8C14 /* CardFinder.swift */,
			);
			path = "Simle-Poker-Hands-2";
			sourceTree = "<group>";
		};
		CC6632C91C73D119001C8C14 /* Simple-Poker-Hands-2-Tests */ = {
			isa = PBXGroup;
			children = (
				CC6632CA1C73D119001C8C14 /* Simple_Poker_Hands_2_Tests.swift */,
				CC6632CC1C73D119001C8C14 /* Info.plist */,
			);
			path = "Simple-Poker-Hands-2-Tests";
			sourceTree = "<group>";
		};
/* End PBXGroup section */

/* Begin PBXNativeTarget section */
		CC4B55B21C67BCAC005ACCB8 /* Simle-Poker-Hands-2 */ = {
			isa = PBXNativeTarget;
			buildConfigurationList = CC4B55BA1C67BCAC005ACCB8 /* Build configuration list for PBXNativeTarget "Simle-Poker-Hands-2" */;
			buildPhases = (
				CC4B55AF1C67BCAC005ACCB8 /* Sources */,
				CC4B55B01C67BCAC005ACCB8 /* Frameworks */,
				CC4B55B11C67BCAC005ACCB8 /* CopyFiles */,
			);
			buildRules = (
			);
			dependencies = (
			);
			name = "Simle-Poker-Hands-2";
			productName = "Simle-Poker-Hands-2";
			productReference = CC4B55B31C67BCAC005ACCB8 /* Simle-Poker-Hands-2 */;
			productType = "com.apple.product-type.tool";
		};
		CC6632C71C73D119001C8C14 /* Simple-Poker-Hands-2-Tests */ = {
			isa = PBXNativeTarget;
			buildConfigurationList = CC6632CD1C73D119001C8C14 /* Build configuration list for PBXNativeTarget "Simple-Poker-Hands-2-Tests" */;
			buildPhases = (
				CC6632C41C73D119001C8C14 /* Sources */,
				CC6632C51C73D119001C8C14 /* Frameworks */,
				CC6632C61C73D119001C8C14 /* Resources */,
			);
			buildRules = (
			);
			dependencies = (
			);
			name = "Simple-Poker-Hands-2-Tests";
			productName = "Simple-Poker-Hands-2-Tests";
			productReference = CC6632C81C73D119001C8C14 /* Simple-Poker-Hands-2-Tests.xctest */;
			productType = "com.apple.product-type.bundle.unit-test";
		};
/* End PBXNativeTarget section */

/* Begin PBXProject section */
		CC4B55AB1C67BCAC005ACCB8 /* Project object */ = {
			isa = PBXProject;
			attributes = {
				LastSwiftUpdateCheck = 0720;
				LastUpgradeCheck = 0720;
				ORGANIZATIONNAME = Pixelrockit;
				TargetAttributes = {
					CC4B55B21C67BCAC005ACCB8 = {
						CreatedOnToolsVersion = 7.2;
					};
					CC6632C71C73D119001C8C14 = {
						CreatedOnToolsVersion = 7.2;
					};
				};
			};
			buildConfigurationList = CC4B55AE1C67BCAC005ACCB8 /* Build configuration list for PBXProject "Simle-Poker-Hands-2" */;
			compatibilityVersion = "Xcode 3.2";
			developmentRegion = English;
			hasScannedForEncodings = 0;
			knownRegions = (
				en,
			);
			mainGroup = CC4B55AA1C67BCAC005ACCB8;
			productRefGroup = CC4B55B41C67BCAC005ACCB8 /* Products */;
			projectDirPath = "";
			projectRoot = "";
			targets = (
				CC4B55B21C67BCAC005ACCB8 /* Simle-Poker-Hands-2 */,
				CC6632C71C73D119001C8C14 /* Simple-Poker-Hands-2-Tests */,
			);
		};
/* End PBXProject section */

/* Begin PBXResourcesBuildPhase section */
		CC6632C61C73D119001C8C14 /* Resources */ = {
			isa = PBXResourcesBuildPhase;
			buildActionMask = 2147483647;
			files = (
			);
			runOnlyForDeploymentPostprocessing = 0;
		};
/* End PBXResourcesBuildPhase section */

/* Begin PBXSourcesBuildPhase section */
		CC4B55AF1C67BCAC005ACCB8 /* Sources */ = {
			isa = PBXSourcesBuildPhase;
			buildActionMask = 2147483647;
			files = (
				CC4B55B71C67BCAC005ACCB8 /* main.swift in Sources */,
				CC6632D71C73D962001C8C14 /* CardFinder.swift in Sources */,
				CC6632D11C73D414001C8C14 /* HighCardFinder.swift in Sources */,
				CC6632D41C73D917001C8C14 /* PairFinder.swift in Sources */,
			);
			runOnlyForDeploymentPostprocessing = 0;
		};
		CC6632C41C73D119001C8C14 /* Sources */ = {
			isa = PBXSourcesBuildPhase;
			buildActionMask = 2147483647;
			files = (
				CC6632CB1C73D119001C8C14 /* Simple_Poker_Hands_2_Tests.swift in Sources */,
				CC6632D81C73D962001C8C14 /* CardFinder.swift in Sources */,
				CC6632D21C73D414001C8C14 /* HighCardFinder.swift in Sources */,
				CC6632D51C73D917001C8C14 /* PairFinder.swift in Sources */,
			);
			runOnlyForDeploymentPostprocessing = 0;
		};
/* End PBXSourcesBuildPhase section */

/* Begin XCBuildConfiguration section */
		CC4B55B81C67BCAC005ACCB8 /* Debug */ = {
			isa = XCBuildConfiguration;
			buildSettings = {
				ALWAYS_SEARCH_USER_PATHS = NO;
				CLANG_CXX_LANGUAGE_STANDARD = "gnu++0x";
				CLANG_CXX_LIBRARY = "libc++";
				CLANG_ENABLE_MODULES = YES;
				CLANG_ENABLE_OBJC_ARC = YES;
				CLANG_WARN_BOOL_CONVERSION = YES;
				CLANG_WARN_CONSTANT_CONVERSION = YES;
				CLANG_WARN_DIRECT_OBJC_ISA_USAGE = YES_ERROR;
				CLANG_WARN_EMPTY_BODY = YES;
				CLANG_WARN_ENUM_CONVERSION = YES;
				CLANG_WARN_INT_CONVERSION = YES;
				CLANG_WARN_OBJC_ROOT_CLASS = YES_ERROR;
				CLANG_WARN_UNREACHABLE_CODE = YES;
				CLANG_WARN__DUPLICATE_METHOD_MATCH = YES;
				CODE_SIGN_IDENTITY = "-";
				COPY_PHASE_STRIP = NO;
				DEBUG_INFORMATION_FORMAT = dwarf;
				ENABLE_STRICT_OBJC_MSGSEND = YES;
				ENABLE_TESTABILITY = YES;
				GCC_C_LANGUAGE_STANDARD = gnu99;
				GCC_DYNAMIC_NO_PIC = NO;
				GCC_NO_COMMON_BLOCKS = YES;
				GCC_OPTIMIZATION_LEVEL = 0;
				GCC_PREPROCESSOR_DEFINITIONS = (
					"DEBUG=1",
					"$(inherited)",
				);
				GCC_WARN_64_TO_32_BIT_CONVERSION = YES;
				GCC_WARN_ABOUT_RETURN_TYPE = YES_ERROR;
				GCC_WARN_UNDECLARED_SELECTOR = YES;
				GCC_WARN_UNINITIALIZED_AUTOS = YES_AGGRESSIVE;
				GCC_WARN_UNUSED_FUNCTION = YES;
				GCC_WARN_UNUSED_VARIABLE = YES;
				MACOSX_DEPLOYMENT_TARGET = 10.11;
				MTL_ENABLE_DEBUG_INFO = YES;
				ONLY_ACTIVE_ARCH = YES;
				SDKROOT = macosx;
				SWIFT_OPTIMIZATION_LEVEL = "-Onone";
			};
			name = Debug;
		};
		CC4B55B91C67BCAC005ACCB8 /* Release */ = {
			isa = XCBuildConfiguration;
			buildSettings = {
				ALWAYS_SEARCH_USER_PATHS = NO;
				CLANG_CXX_LANGUAGE_STANDARD = "gnu++0x";
				CLANG_CXX_LIBRARY = "libc++";
				CLANG_ENABLE_MODULES = YES;
				CLANG_ENABLE_OBJC_ARC = YES;
				CLANG_WARN_BOOL_CONVERSION = YES;
				CLANG_WARN_CONSTANT_CONVERSION = YES;
				CLANG_WARN_DIRECT_OBJC_ISA_USAGE = YES_ERROR;
				CLANG_WARN_EMPTY_BODY = YES;
				CLANG_WARN_ENUM_CONVERSION = YES;
				CLANG_WARN_INT_CONVERSION = YES;
				CLANG_WARN_OBJC_ROOT_CLASS = YES_ERROR;
				CLANG_WARN_UNREACHABLE_CODE = YES;
				CLANG_WARN__DUPLICATE_METHOD_MATCH = YES;
				CODE_SIGN_IDENTITY = "-";
				COPY_PHASE_STRIP = NO;
				DEBUG_INFORMATION_FORMAT = "dwarf-with-dsym";
				ENABLE_NS_ASSERTIONS = NO;
				ENABLE_STRICT_OBJC_MSGSEND = YES;
				GCC_C_LANGUAGE_STANDARD = gnu99;
				GCC_NO_COMMON_BLOCKS = YES;
				GCC_WARN_64_TO_32_BIT_CONVERSION = YES;
				GCC_WARN_ABOUT_RETURN_TYPE = YES_ERROR;
				GCC_WARN_UNDECLARED_SELECTOR = YES;
				GCC_WARN_UNINITIALIZED_AUTOS = YES_AGGRESSIVE;
				GCC_WARN_UNUSED_FUNCTION = YES;
				GCC_WARN_UNUSED_VARIABLE = YES;
				MACOSX_DEPLOYMENT_TARGET = 10.11;
				MTL_ENABLE_DEBUG_INFO = NO;
				SDKROOT = macosx;
			};
			name = Release;
		};
		CC4B55BB1C67BCAC005ACCB8 /* Debug */ = {
			isa = XCBuildConfiguration;
			buildSettings = {
				PRODUCT_NAME = "$(TARGET_NAME)";
			};
			name = Debug;
		};
		CC4B55BC1C67BCAC005ACCB8 /* Release */ = {
			isa = XCBuildConfiguration;
			buildSettings = {
				PRODUCT_NAME = "$(TARGET_NAME)";
			};
			name = Release;
		};
		CC6632CE1C73D119001C8C14 /* Debug */ = {
			isa = XCBuildConfiguration;
			buildSettings = {
				COMBINE_HIDPI_IMAGES = YES;
				INFOPLIST_FILE = "Simple-Poker-Hands-2-Tests/Info.plist";
				LD_RUNPATH_SEARCH_PATHS = "$(inherited) @executable_path/../Frameworks @loader_path/../Frameworks";
				PRODUCT_BUNDLE_IDENTIFIER = "com.pixelrockit.Simple-Poker-Hands-2-Tests";
				PRODUCT_NAME = "$(TARGET_NAME)";
			};
			name = Debug;
		};
		CC6632CF1C73D119001C8C14 /* Release */ = {
			isa = XCBuildConfiguration;
			buildSettings = {
				COMBINE_HIDPI_IMAGES = YES;
				INFOPLIST_FILE = "Simple-Poker-Hands-2-Tests/Info.plist";
				LD_RUNPATH_SEARCH_PATHS = "$(inherited) @executable_path/../Frameworks @loader_path/../Frameworks";
				PRODUCT_BUNDLE_IDENTIFIER = "com.pixelrockit.Simple-Poker-Hands-2-Tests";
				PRODUCT_NAME = "$(TARGET_NAME)";
			};
			name = Release;
		};
/* End XCBuildConfiguration section */

/* Begin XCConfigurationList section */
		CC4B55AE1C67BCAC005ACCB8 /* Build configuration list for PBXProject "Simle-Poker-Hands-2" */ = {
			isa = XCConfigurationList;
			buildConfigurations = (
				CC4B55B81C67BCAC005ACCB8 /* Debug */,
				CC4B55B91C67BCAC005ACCB8 /* Release */,
			);
			defaultConfigurationIsVisible = 0;
			defaultConfigurationName = Release;
		};
		CC4B55BA1C67BCAC005ACCB8 /* Build configuration list for PBXNativeTarget "Simle-Poker-Hands-2" */ = {
			isa = XCConfigurationList;
			buildConfigurations = (
				CC4B55BB1C67BCAC005ACCB8 /* Debug */,
				CC4B55BC1C67BCAC005ACCB8 /* Release */,
			);
			defaultConfigurationIsVisible = 0;
			defaultConfigurationName = Release;
		};
		CC6632CD1C73D119001C8C14 /* Build configuration list for PBXNativeTarget "Simple-Poker-Hands-2-Tests" */ = {
			isa = XCConfigurationList;
			buildConfigurations = (
				CC6632CE1C73D119001C8C14 /* Debug */,
				CC6632CF1C73D119001C8C14 /* Release */,
			);
			defaultConfigurationIsVisible = 0;
		};
/* End XCConfigurationList section */
	};
	rootObject = CC4B55AB1C67BCAC005ACCB8 /* Project object */;
}
